<?xml version="1.0" encoding="utf-8"?>
<Project ToolsVersion="4.0" xmlns="http://schemas.microsoft.com/developer/msbuild/2003">
  <ItemGroup>
    <Filter Include="Source files">
      <UniqueIdentifier>{f8716760-e610-4023-aaa3-2685a21d746a}</UniqueIdentifier>
      <Extensions>cpp;c;cc;cxx;def;odl;idl;hpj;bat;asm;asmx</Extensions>
    </Filter>
    <Filter Include="Header files">
      <UniqueIdentifier>{ccb520cd-d276-4831-ba6b-1ec3f51f5982}</UniqueIdentifier>
      <Extensions>h;hpp;hxx;hm;inl;inc;xsd</Extensions>
    </Filter>
    <Filter Include="Resource files">
      <UniqueIdentifier>{7ff8c889-3dea-4ca6-ad0f-32b3c34a5c9f}</UniqueIdentifier>
      <Extensions>rc;ico;cur;bmp;dlg;rc2;rct;bin;rgs;gif;jpg;jpeg;jpe;resx;tiff;tif;png;wav</Extensions>
    </Filter>
    <Filter Include="Source files\Device-specific files">
      <UniqueIdentifier>{475c59c6-3c80-4c4b-9eb2-84c08ab6ce68}</UniqueIdentifier>
    </Filter>
    <Filter Include="VisualGDB settings">
      <UniqueIdentifier>{18bf5fe0-c4a3-407c-a90e-176e908d3915}</UniqueIdentifier>
    </Filter>
  </ItemGroup>
  <ItemGroup>
    <ClCompile Include="BitFieldDemo1.c">
      <Filter>Source files</Filter>
    </ClCompile>
    <None Include="stm32.props">
      <Filter>Source files\Device-specific files</Filter>
    </None>
    <None Include="EmbeddedProject2-Debug.vgdbsettings">
      <Filter>VisualGDB settings</Filter>
    </None>
    <None Include="EmbeddedProject2-Release.vgdbsettings">
      <Filter>VisualGDB settings</Filter>
    </None>
    <None Include="stm32.xml">
      <Filter>VisualGDB settings</Filter>
    </None>
    <ClCompile Include="startup.c">
      <Filter>Source files</Filter>
    </ClCompile>
    <ClCompile Include="system.c">
      <Filter>Source files</Filter>
    </ClCompile>
  </ItemGroup>
  <ItemGroup>
    <ClInclude Include="regtypes.h">
      <Filter>Header files</Filter>
    </ClInclude>
    <ClInclude Include="statics.h">
      <Filter>Header files</Filter>
    </ClInclude>
    <ClInclude Include="regdefs.h">
      <Filter>Header files</Filter>
    </ClInclude>
    <ClInclude Include="sysdefs.h">
      <Filter>Header files</Filter>
    </ClInclude>
  </ItemGroup>
</Project>