
Microsoft Visual Studio Solution File, Format Version 12.00
# Visual Studio Version 17
VisualStudioVersion = 17.13.35931.197 d17.13
MinimumVisualStudioVersion = 10.0.40219.1
Project("{8BC9CEB8-8B4A-11D0-8D11-00A0C91BC942}") = "FLASH", "FLASH.vcxproj", "{DC2BDB06-C2F0-23E2-F58E-AB5CF2291978}"
EndProject
Global
	GlobalSection(SolutionConfigurationPlatforms) = preSolution
		Debug|VisualGDB = Debug|VisualGDB
		Release|VisualGDB = Release|VisualGDB
	EndGlobalSection
	GlobalSection(ProjectConfigurationPlatforms) = postSolution
		{DC2BDB06-C2F0-23E2-F58E-AB5CF2291978}.Debug|VisualGDB.ActiveCfg = Debug|VisualGDB
		{DC2BDB06-C2F0-23E2-F58E-AB5CF2291978}.Debug|VisualGDB.Build.0 = Debug|VisualGDB
		{DC2BDB06-C2F0-23E2-F58E-AB5CF2291978}.Release|VisualGDB.ActiveCfg = Release|VisualGDB
		{DC2BDB06-C2F0-23E2-F58E-AB5CF2291978}.Release|VisualGDB.Build.0 = Release|VisualGDB
	EndGlobalSection
	GlobalSection(SolutionProperties) = preSolution
		HideSolutionNode = FALSE
	EndGlobalSection
	GlobalSection(ExtensibilityGlobals) = postSolution
		SolutionGuid = {01DCD3F0-AEF2-4CEB-AA42-10109B21FF05}
	EndGlobalSection
EndGlobal
