<?xml version="1.0" encoding="utf-8"?>
<Project ToolsVersion="4.0" xmlns="http://schemas.microsoft.com/developer/msbuild/2003">
  <ItemGroup>
    <Filter Include="Source files">
      <UniqueIdentifier>{3c58cd6d-af7d-48e5-b1ea-80ee087d7549}</UniqueIdentifier>
      <Extensions>cpp;c;cc;cxx;def;odl;idl;hpj;bat;asm;asmx</Extensions>
    </Filter>
    <Filter Include="Header files">
      <UniqueIdentifier>{60a8787e-4f15-432c-a99e-7e9afc067524}</UniqueIdentifier>
      <Extensions>h;hpp;hxx;hm;inl;inc;xsd</Extensions>
    </Filter>
    <Filter Include="Resource files">
      <UniqueIdentifier>{a3ac9054-0228-4dc1-9b0f-825c923cb2bd}</UniqueIdentifier>
      <Extensions>rc;ico;cur;bmp;dlg;rc2;rct;bin;rgs;gif;jpg;jpeg;jpe;resx;tiff;tif;png;wav</Extensions>
    </Filter>
    <Filter Include="Source files\Device-specific files">
      <UniqueIdentifier>{a0cf51f6-0fe2-418c-8172-c41add6c0454}</UniqueIdentifier>
    </Filter>
    <Filter Include="Source files\Device-specific files\HAL">
      <UniqueIdentifier>{821cc8a7-f545-4b5c-86e5-33f3a44c5e35}</UniqueIdentifier>
    </Filter>
    <Filter Include="Source files\Device-specific files\LL">
      <UniqueIdentifier>{295826e8-51a9-45eb-9bd8-00fdae84a583}</UniqueIdentifier>
    </Filter>
    <Filter Include="Header files\Device-specific files">
      <UniqueIdentifier>{2e339b28-b2e9-4db6-b2d0-ff4de81daf9b}</UniqueIdentifier>
    </Filter>
    <Filter Include="Header files\Device-specific files\HAL">
      <UniqueIdentifier>{536d6ae6-99b9-4d5c-a173-8d0916fde9f1}</UniqueIdentifier>
    </Filter>
    <Filter Include="Header files\Device-specific files\LL">
      <UniqueIdentifier>{8e3d6c1c-88c1-42d3-8bec-5ad679f0c04a}</UniqueIdentifier>
    </Filter>
    <Filter Include="VisualGDB settings">
      <UniqueIdentifier>{88839763-bdec-40aa-b919-6878ead59c22}</UniqueIdentifier>
    </Filter>
  </ItemGroup>
  <ItemGroup>
    <ClCompile Include="EmbeddedProject4.cpp">
      <Filter>Source files</Filter>
    </ClCompile>
    <ClCompile Include="system_STM32MP1xx.c">
      <Filter>Source files</Filter>
    </ClCompile>
    <None Include="stm32mp1.props">
      <Filter>Source files\Device-specific files</Filter>
    </None>
    <ClCompile Include="$(BSP_ROOT)\STM32MP1xxxx\StartupFiles\startup_stm32mp153axx_cm4.c">
      <Filter>Source files\Device-specific files</Filter>
    </ClCompile>
    <ClCompile Include="$(BSP_ROOT)\STM32MP1xxxx\STM32MP1xx_HAL_Driver\Src\stm32mp1xx_hal.c">
      <Filter>Source files\Device-specific files\HAL</Filter>
    </ClCompile>
    <ClCompile Include="$(BSP_ROOT)\STM32MP1xxxx\STM32MP1xx_HAL_Driver\Src\stm32mp1xx_hal_adc.c">
      <Filter>Source files\Device-specific files\HAL</Filter>
    </ClCompile>
    <ClCompile Include="$(BSP_ROOT)\STM32MP1xxxx\STM32MP1xx_HAL_Driver\Src\stm32mp1xx_hal_adc_ex.c">
      <Filter>Source files\Device-specific files\HAL</Filter>
    </ClCompile>
    <ClCompile Include="$(BSP_ROOT)\STM32MP1xxxx\STM32MP1xx_HAL_Driver\Src\stm32mp1xx_hal_cec.c">
      <Filter>Source files\Device-specific files\HAL</Filter>
    </ClCompile>
    <ClCompile Include="$(BSP_ROOT)\STM32MP1xxxx\STM32MP1xx_HAL_Driver\Src\stm32mp1xx_hal_cortex.c">
      <Filter>Source files\Device-specific files\HAL</Filter>
    </ClCompile>
    <ClCompile Include="$(BSP_ROOT)\STM32MP1xxxx\STM32MP1xx_HAL_Driver\Src\stm32mp1xx_hal_crc.c">
      <Filter>Source files\Device-specific files\HAL</Filter>
    </ClCompile>
    <ClCompile Include="$(BSP_ROOT)\STM32MP1xxxx\STM32MP1xx_HAL_Driver\Src\stm32mp1xx_hal_crc_ex.c">
      <Filter>Source files\Device-specific files\HAL</Filter>
    </ClCompile>
    <ClCompile Include="$(BSP_ROOT)\STM32MP1xxxx\STM32MP1xx_HAL_Driver\Src\stm32mp1xx_hal_cryp.c">
      <Filter>Source files\Device-specific files\HAL</Filter>
    </ClCompile>
    <ClCompile Include="$(BSP_ROOT)\STM32MP1xxxx\STM32MP1xx_HAL_Driver\Src\stm32mp1xx_hal_cryp_ex.c">
      <Filter>Source files\Device-specific files\HAL</Filter>
    </ClCompile>
    <ClCompile Include="$(BSP_ROOT)\STM32MP1xxxx\STM32MP1xx_HAL_Driver\Src\stm32mp1xx_hal_dac.c">
      <Filter>Source files\Device-specific files\HAL</Filter>
    </ClCompile>
    <ClCompile Include="$(BSP_ROOT)\STM32MP1xxxx\STM32MP1xx_HAL_Driver\Src\stm32mp1xx_hal_dac_ex.c">
      <Filter>Source files\Device-specific files\HAL</Filter>
    </ClCompile>
    <ClCompile Include="$(BSP_ROOT)\STM32MP1xxxx\STM32MP1xx_HAL_Driver\Src\stm32mp1xx_hal_dcmi.c">
      <Filter>Source files\Device-specific files\HAL</Filter>
    </ClCompile>
    <ClCompile Include="$(BSP_ROOT)\STM32MP1xxxx\STM32MP1xx_HAL_Driver\Src\stm32mp1xx_hal_dfsdm.c">
      <Filter>Source files\Device-specific files\HAL</Filter>
    </ClCompile>
    <ClCompile Include="$(BSP_ROOT)\STM32MP1xxxx\STM32MP1xx_HAL_Driver\Src\stm32mp1xx_hal_dfsdm_ex.c">
      <Filter>Source files\Device-specific files\HAL</Filter>
    </ClCompile>
    <ClCompile Include="$(BSP_ROOT)\STM32MP1xxxx\STM32MP1xx_HAL_Driver\Src\stm32mp1xx_hal_dma.c">
      <Filter>Source files\Device-specific files\HAL</Filter>
    </ClCompile>
    <ClCompile Include="$(BSP_ROOT)\STM32MP1xxxx\STM32MP1xx_HAL_Driver\Src\stm32mp1xx_hal_dma_ex.c">
      <Filter>Source files\Device-specific files\HAL</Filter>
    </ClCompile>
    <ClCompile Include="$(BSP_ROOT)\STM32MP1xxxx\STM32MP1xx_HAL_Driver\Src\stm32mp1xx_hal_exti.c">
      <Filter>Source files\Device-specific files\HAL</Filter>
    </ClCompile>
    <ClCompile Include="$(BSP_ROOT)\STM32MP1xxxx\STM32MP1xx_HAL_Driver\Src\stm32mp1xx_hal_fdcan.c">
      <Filter>Source files\Device-specific files\HAL</Filter>
    </ClCompile>
    <ClCompile Include="$(BSP_ROOT)\STM32MP1xxxx\STM32MP1xx_HAL_Driver\Src\stm32mp1xx_hal_gpio.c">
      <Filter>Source files\Device-specific files\HAL</Filter>
    </ClCompile>
    <ClCompile Include="$(BSP_ROOT)\STM32MP1xxxx\STM32MP1xx_HAL_Driver\Src\stm32mp1xx_hal_hash.c">
      <Filter>Source files\Device-specific files\HAL</Filter>
    </ClCompile>
    <ClCompile Include="$(BSP_ROOT)\STM32MP1xxxx\STM32MP1xx_HAL_Driver\Src\stm32mp1xx_hal_hash_ex.c">
      <Filter>Source files\Device-specific files\HAL</Filter>
    </ClCompile>
    <ClCompile Include="$(BSP_ROOT)\STM32MP1xxxx\STM32MP1xx_HAL_Driver\Src\stm32mp1xx_hal_hsem.c">
      <Filter>Source files\Device-specific files\HAL</Filter>
    </ClCompile>
    <ClCompile Include="$(BSP_ROOT)\STM32MP1xxxx\STM32MP1xx_HAL_Driver\Src\stm32mp1xx_hal_i2c.c">
      <Filter>Source files\Device-specific files\HAL</Filter>
    </ClCompile>
    <ClCompile Include="$(BSP_ROOT)\STM32MP1xxxx\STM32MP1xx_HAL_Driver\Src\stm32mp1xx_hal_i2c_ex.c">
      <Filter>Source files\Device-specific files\HAL</Filter>
    </ClCompile>
    <ClCompile Include="$(BSP_ROOT)\STM32MP1xxxx\STM32MP1xx_HAL_Driver\Src\stm32mp1xx_hal_ipcc.c">
      <Filter>Source files\Device-specific files\HAL</Filter>
    </ClCompile>
    <ClCompile Include="$(BSP_ROOT)\STM32MP1xxxx\STM32MP1xx_HAL_Driver\Src\stm32mp1xx_hal_lptim.c">
      <Filter>Source files\Device-specific files\HAL</Filter>
    </ClCompile>
    <ClCompile Include="$(BSP_ROOT)\STM32MP1xxxx\STM32MP1xx_HAL_Driver\Src\stm32mp1xx_hal_mdios.c">
      <Filter>Source files\Device-specific files\HAL</Filter>
    </ClCompile>
    <ClCompile Include="$(BSP_ROOT)\STM32MP1xxxx\STM32MP1xx_HAL_Driver\Src\stm32mp1xx_hal_mdma.c">
      <Filter>Source files\Device-specific files\HAL</Filter>
    </ClCompile>
    <ClCompile Include="$(BSP_ROOT)\STM32MP1xxxx\STM32MP1xx_HAL_Driver\Src\stm32mp1xx_hal_pwr.c">
      <Filter>Source files\Device-specific files\HAL</Filter>
    </ClCompile>
    <ClCompile Include="$(BSP_ROOT)\STM32MP1xxxx\STM32MP1xx_HAL_Driver\Src\stm32mp1xx_hal_pwr_ex.c">
      <Filter>Source files\Device-specific files\HAL</Filter>
    </ClCompile>
    <ClCompile Include="$(BSP_ROOT)\STM32MP1xxxx\STM32MP1xx_HAL_Driver\Src\stm32mp1xx_hal_qspi.c">
      <Filter>Source files\Device-specific files\HAL</Filter>
    </ClCompile>
    <ClCompile Include="$(BSP_ROOT)\STM32MP1xxxx\STM32MP1xx_HAL_Driver\Src\stm32mp1xx_hal_rcc.c">
      <Filter>Source files\Device-specific files\HAL</Filter>
    </ClCompile>
    <ClCompile Include="$(BSP_ROOT)\STM32MP1xxxx\STM32MP1xx_HAL_Driver\Src\stm32mp1xx_hal_rcc_ex.c">
      <Filter>Source files\Device-specific files\HAL</Filter>
    </ClCompile>
    <ClCompile Include="$(BSP_ROOT)\STM32MP1xxxx\STM32MP1xx_HAL_Driver\Src\stm32mp1xx_hal_rng.c">
      <Filter>Source files\Device-specific files\HAL</Filter>
    </ClCompile>
    <ClCompile Include="$(BSP_ROOT)\STM32MP1xxxx\STM32MP1xx_HAL_Driver\Src\stm32mp1xx_hal_rtc.c">
      <Filter>Source files\Device-specific files\HAL</Filter>
    </ClCompile>
    <ClCompile Include="$(BSP_ROOT)\STM32MP1xxxx\STM32MP1xx_HAL_Driver\Src\stm32mp1xx_hal_rtc_ex.c">
      <Filter>Source files\Device-specific files\HAL</Filter>
    </ClCompile>
    <ClCompile Include="$(BSP_ROOT)\STM32MP1xxxx\STM32MP1xx_HAL_Driver\Src\stm32mp1xx_hal_sai.c">
      <Filter>Source files\Device-specific files\HAL</Filter>
    </ClCompile>
    <ClCompile Include="$(BSP_ROOT)\STM32MP1xxxx\STM32MP1xx_HAL_Driver\Src\stm32mp1xx_hal_sai_ex.c">
      <Filter>Source files\Device-specific files\HAL</Filter>
    </ClCompile>
    <ClCompile Include="$(BSP_ROOT)\STM32MP1xxxx\STM32MP1xx_HAL_Driver\Src\stm32mp1xx_hal_sd.c">
      <Filter>Source files\Device-specific files\HAL</Filter>
    </ClCompile>
    <ClCompile Include="$(BSP_ROOT)\STM32MP1xxxx\STM32MP1xx_HAL_Driver\Src\stm32mp1xx_hal_sd_ex.c">
      <Filter>Source files\Device-specific files\HAL</Filter>
    </ClCompile>
    <ClCompile Include="$(BSP_ROOT)\STM32MP1xxxx\STM32MP1xx_HAL_Driver\Src\stm32mp1xx_hal_smartcard.c">
      <Filter>Source files\Device-specific files\HAL</Filter>
    </ClCompile>
    <ClCompile Include="$(BSP_ROOT)\STM32MP1xxxx\STM32MP1xx_HAL_Driver\Src\stm32mp1xx_hal_smartcard_ex.c">
      <Filter>Source files\Device-specific files\HAL</Filter>
    </ClCompile>
    <ClCompile Include="$(BSP_ROOT)\STM32MP1xxxx\STM32MP1xx_HAL_Driver\Src\stm32mp1xx_hal_smbus.c">
      <Filter>Source files\Device-specific files\HAL</Filter>
    </ClCompile>
    <ClCompile Include="$(BSP_ROOT)\STM32MP1xxxx\STM32MP1xx_HAL_Driver\Src\stm32mp1xx_hal_smbus_ex.c">
      <Filter>Source files\Device-specific files\HAL</Filter>
    </ClCompile>
    <ClCompile Include="$(BSP_ROOT)\STM32MP1xxxx\STM32MP1xx_HAL_Driver\Src\stm32mp1xx_hal_spdifrx.c">
      <Filter>Source files\Device-specific files\HAL</Filter>
    </ClCompile>
    <ClCompile Include="$(BSP_ROOT)\STM32MP1xxxx\STM32MP1xx_HAL_Driver\Src\stm32mp1xx_hal_spi.c">
      <Filter>Source files\Device-specific files\HAL</Filter>
    </ClCompile>
    <ClCompile Include="$(BSP_ROOT)\STM32MP1xxxx\STM32MP1xx_HAL_Driver\Src\stm32mp1xx_hal_spi_ex.c">
      <Filter>Source files\Device-specific files\HAL</Filter>
    </ClCompile>
    <ClCompile Include="$(BSP_ROOT)\STM32MP1xxxx\STM32MP1xx_HAL_Driver\Src\stm32mp1xx_hal_sram.c">
      <Filter>Source files\Device-specific files\HAL</Filter>
    </ClCompile>
    <ClCompile Include="$(BSP_ROOT)\STM32MP1xxxx\STM32MP1xx_HAL_Driver\Src\stm32mp1xx_hal_tim.c">
      <Filter>Source files\Device-specific files\HAL</Filter>
    </ClCompile>
    <ClCompile Include="$(BSP_ROOT)\STM32MP1xxxx\STM32MP1xx_HAL_Driver\Src\stm32mp1xx_hal_tim_ex.c">
      <Filter>Source files\Device-specific files\HAL</Filter>
    </ClCompile>
    <ClCompile Include="$(BSP_ROOT)\STM32MP1xxxx\STM32MP1xx_HAL_Driver\Src\stm32mp1xx_hal_uart.c">
      <Filter>Source files\Device-specific files\HAL</Filter>
    </ClCompile>
    <ClCompile Include="$(BSP_ROOT)\STM32MP1xxxx\STM32MP1xx_HAL_Driver\Src\stm32mp1xx_hal_uart_ex.c">
      <Filter>Source files\Device-specific files\HAL</Filter>
    </ClCompile>
    <ClCompile Include="$(BSP_ROOT)\STM32MP1xxxx\STM32MP1xx_HAL_Driver\Src\stm32mp1xx_hal_usart.c">
      <Filter>Source files\Device-specific files\HAL</Filter>
    </ClCompile>
    <ClCompile Include="$(BSP_ROOT)\STM32MP1xxxx\STM32MP1xx_HAL_Driver\Src\stm32mp1xx_hal_usart_ex.c">
      <Filter>Source files\Device-specific files\HAL</Filter>
    </ClCompile>
    <ClCompile Include="$(BSP_ROOT)\STM32MP1xxxx\STM32MP1xx_HAL_Driver\Src\stm32mp1xx_hal_wwdg.c">
      <Filter>Source files\Device-specific files\HAL</Filter>
    </ClCompile>
    <ClCompile Include="$(BSP_ROOT)\STM32MP1xxxx\STM32MP1xx_HAL_Driver\Src\stm32mp1xx_ll_adc.c">
      <Filter>Source files\Device-specific files\LL</Filter>
    </ClCompile>
    <ClCompile Include="$(BSP_ROOT)\STM32MP1xxxx\STM32MP1xx_HAL_Driver\Src\stm32mp1xx_ll_delayblock.c">
      <Filter>Source files\Device-specific files\LL</Filter>
    </ClCompile>
    <ClCompile Include="$(BSP_ROOT)\STM32MP1xxxx\STM32MP1xx_HAL_Driver\Src\stm32mp1xx_ll_dma.c">
      <Filter>Source files\Device-specific files\LL</Filter>
    </ClCompile>
    <ClCompile Include="$(BSP_ROOT)\STM32MP1xxxx\STM32MP1xx_HAL_Driver\Src\stm32mp1xx_ll_exti.c">
      <Filter>Source files\Device-specific files\LL</Filter>
    </ClCompile>
    <ClCompile Include="$(BSP_ROOT)\STM32MP1xxxx\STM32MP1xx_HAL_Driver\Src\stm32mp1xx_ll_fmc.c">
      <Filter>Source files\Device-specific files\LL</Filter>
    </ClCompile>
    <ClCompile Include="$(BSP_ROOT)\STM32MP1xxxx\STM32MP1xx_HAL_Driver\Src\stm32mp1xx_ll_gpio.c">
      <Filter>Source files\Device-specific files\LL</Filter>
    </ClCompile>
    <ClCompile Include="$(BSP_ROOT)\STM32MP1xxxx\STM32MP1xx_HAL_Driver\Src\stm32mp1xx_ll_i2c.c">
      <Filter>Source files\Device-specific files\LL</Filter>
    </ClCompile>
    <ClCompile Include="$(BSP_ROOT)\STM32MP1xxxx\STM32MP1xx_HAL_Driver\Src\stm32mp1xx_ll_lptim.c">
      <Filter>Source files\Device-specific files\LL</Filter>
    </ClCompile>
    <ClCompile Include="$(BSP_ROOT)\STM32MP1xxxx\STM32MP1xx_HAL_Driver\Src\stm32mp1xx_ll_pwr.c">
      <Filter>Source files\Device-specific files\LL</Filter>
    </ClCompile>
    <ClCompile Include="$(BSP_ROOT)\STM32MP1xxxx\STM32MP1xx_HAL_Driver\Src\stm32mp1xx_ll_rcc.c">
      <Filter>Source files\Device-specific files\LL</Filter>
    </ClCompile>
    <ClCompile Include="$(BSP_ROOT)\STM32MP1xxxx\STM32MP1xx_HAL_Driver\Src\stm32mp1xx_ll_rtc.c">
      <Filter>Source files\Device-specific files\LL</Filter>
    </ClCompile>
    <ClCompile Include="$(BSP_ROOT)\STM32MP1xxxx\STM32MP1xx_HAL_Driver\Src\stm32mp1xx_ll_sdmmc.c">
      <Filter>Source files\Device-specific files\LL</Filter>
    </ClCompile>
    <ClCompile Include="$(BSP_ROOT)\STM32MP1xxxx\STM32MP1xx_HAL_Driver\Src\stm32mp1xx_ll_spi.c">
      <Filter>Source files\Device-specific files\LL</Filter>
    </ClCompile>
    <ClCompile Include="$(BSP_ROOT)\STM32MP1xxxx\STM32MP1xx_HAL_Driver\Src\stm32mp1xx_ll_tim.c">
      <Filter>Source files\Device-specific files\LL</Filter>
    </ClCompile>
    <ClCompile Include="$(BSP_ROOT)\STM32MP1xxxx\STM32MP1xx_HAL_Driver\Src\stm32mp1xx_ll_usart.c">
      <Filter>Source files\Device-specific files\LL</Filter>
    </ClCompile>
    <ClCompile Include="$(BSP_ROOT)\STM32MP1xxxx\STM32MP1xx_HAL_Driver\Src\stm32mp1xx_ll_utils.c">
      <Filter>Source files\Device-specific files\LL</Filter>
    </ClCompile>
    <ClInclude Include="STM32MP1xx_hal_conf.h">
      <Filter>Header files</Filter>
    </ClInclude>
    <ClInclude Include="$(BSP_ROOT)\STM32MP1xxxx\STM32MP1xx_HAL_Driver\Inc\stm32mp1xx_hal.h">
      <Filter>Header files\Device-specific files\HAL</Filter>
    </ClInclude>
    <ClInclude Include="$(BSP_ROOT)\STM32MP1xxxx\STM32MP1xx_HAL_Driver\Inc\stm32mp1xx_hal_adc.h">
      <Filter>Header files\Device-specific files\HAL</Filter>
    </ClInclude>
    <ClInclude Include="$(BSP_ROOT)\STM32MP1xxxx\STM32MP1xx_HAL_Driver\Inc\stm32mp1xx_hal_adc_ex.h">
      <Filter>Header files\Device-specific files\HAL</Filter>
    </ClInclude>
    <ClInclude Include="$(BSP_ROOT)\STM32MP1xxxx\STM32MP1xx_HAL_Driver\Inc\stm32mp1xx_hal_cec.h">
      <Filter>Header files\Device-specific files\HAL</Filter>
    </ClInclude>
    <ClInclude Include="$(BSP_ROOT)\STM32MP1xxxx\STM32MP1xx_HAL_Driver\Inc\stm32mp1xx_hal_cortex.h">
      <Filter>Header files\Device-specific files\HAL</Filter>
    </ClInclude>
    <ClInclude Include="$(BSP_ROOT)\STM32MP1xxxx\STM32MP1xx_HAL_Driver\Inc\stm32mp1xx_hal_crc.h">
      <Filter>Header files\Device-specific files\HAL</Filter>
    </ClInclude>
    <ClInclude Include="$(BSP_ROOT)\STM32MP1xxxx\STM32MP1xx_HAL_Driver\Inc\stm32mp1xx_hal_crc_ex.h">
      <Filter>Header files\Device-specific files\HAL</Filter>
    </ClInclude>
    <ClInclude Include="$(BSP_ROOT)\STM32MP1xxxx\STM32MP1xx_HAL_Driver\Inc\stm32mp1xx_hal_cryp.h">
      <Filter>Header files\Device-specific files\HAL</Filter>
    </ClInclude>
    <ClInclude Include="$(BSP_ROOT)\STM32MP1xxxx\STM32MP1xx_HAL_Driver\Inc\stm32mp1xx_hal_cryp_ex.h">
      <Filter>Header files\Device-specific files\HAL</Filter>
    </ClInclude>
    <ClInclude Include="$(BSP_ROOT)\STM32MP1xxxx\STM32MP1xx_HAL_Driver\Inc\stm32mp1xx_hal_dac.h">
      <Filter>Header files\Device-specific files\HAL</Filter>
    </ClInclude>
    <ClInclude Include="$(BSP_ROOT)\STM32MP1xxxx\STM32MP1xx_HAL_Driver\Inc\stm32mp1xx_hal_dac_ex.h">
      <Filter>Header files\Device-specific files\HAL</Filter>
    </ClInclude>
    <ClInclude Include="$(BSP_ROOT)\STM32MP1xxxx\STM32MP1xx_HAL_Driver\Inc\stm32mp1xx_hal_dcmi.h">
      <Filter>Header files\Device-specific files\HAL</Filter>
    </ClInclude>
    <ClInclude Include="$(BSP_ROOT)\STM32MP1xxxx\STM32MP1xx_HAL_Driver\Inc\stm32mp1xx_hal_def.h">
      <Filter>Header files\Device-specific files\HAL</Filter>
    </ClInclude>
    <ClInclude Include="$(BSP_ROOT)\STM32MP1xxxx\STM32MP1xx_HAL_Driver\Inc\stm32mp1xx_hal_dfsdm.h">
      <Filter>Header files\Device-specific files\HAL</Filter>
    </ClInclude>
    <ClInclude Include="$(BSP_ROOT)\STM32MP1xxxx\STM32MP1xx_HAL_Driver\Inc\stm32mp1xx_hal_dfsdm_ex.h">
      <Filter>Header files\Device-specific files\HAL</Filter>
    </ClInclude>
    <ClInclude Include="$(BSP_ROOT)\STM32MP1xxxx\STM32MP1xx_HAL_Driver\Inc\stm32mp1xx_hal_dma.h">
      <Filter>Header files\Device-specific files\HAL</Filter>
    </ClInclude>
    <ClInclude Include="$(BSP_ROOT)\STM32MP1xxxx\STM32MP1xx_HAL_Driver\Inc\stm32mp1xx_hal_dma_ex.h">
      <Filter>Header files\Device-specific files\HAL</Filter>
    </ClInclude>
    <ClInclude Include="$(BSP_ROOT)\STM32MP1xxxx\STM32MP1xx_HAL_Driver\Inc\stm32mp1xx_hal_exti.h">
      <Filter>Header files\Device-specific files\HAL</Filter>
    </ClInclude>
    <ClInclude Include="$(BSP_ROOT)\STM32MP1xxxx\STM32MP1xx_HAL_Driver\Inc\stm32mp1xx_hal_fdcan.h">
      <Filter>Header files\Device-specific files\HAL</Filter>
    </ClInclude>
    <ClInclude Include="$(BSP_ROOT)\STM32MP1xxxx\STM32MP1xx_HAL_Driver\Inc\stm32mp1xx_hal_gpio.h">
      <Filter>Header files\Device-specific files\HAL</Filter>
    </ClInclude>
    <ClInclude Include="$(BSP_ROOT)\STM32MP1xxxx\STM32MP1xx_HAL_Driver\Inc\stm32mp1xx_hal_gpio_ex.h">
      <Filter>Header files\Device-specific files\HAL</Filter>
    </ClInclude>
    <ClInclude Include="$(BSP_ROOT)\STM32MP1xxxx\STM32MP1xx_HAL_Driver\Inc\stm32mp1xx_hal_hash.h">
      <Filter>Header files\Device-specific files\HAL</Filter>
    </ClInclude>
    <ClInclude Include="$(BSP_ROOT)\STM32MP1xxxx\STM32MP1xx_HAL_Driver\Inc\stm32mp1xx_hal_hash_ex.h">
      <Filter>Header files\Device-specific files\HAL</Filter>
    </ClInclude>
    <ClInclude Include="$(BSP_ROOT)\STM32MP1xxxx\STM32MP1xx_HAL_Driver\Inc\stm32mp1xx_hal_hsem.h">
      <Filter>Header files\Device-specific files\HAL</Filter>
    </ClInclude>
    <ClInclude Include="$(BSP_ROOT)\STM32MP1xxxx\STM32MP1xx_HAL_Driver\Inc\stm32mp1xx_hal_i2c.h">
      <Filter>Header files\Device-specific files\HAL</Filter>
    </ClInclude>
    <ClInclude Include="$(BSP_ROOT)\STM32MP1xxxx\STM32MP1xx_HAL_Driver\Inc\stm32mp1xx_hal_i2c_ex.h">
      <Filter>Header files\Device-specific files\HAL</Filter>
    </ClInclude>
    <ClInclude Include="$(BSP_ROOT)\STM32MP1xxxx\STM32MP1xx_HAL_Driver\Inc\stm32mp1xx_hal_ipcc.h">
      <Filter>Header files\Device-specific files\HAL</Filter>
    </ClInclude>
    <ClInclude Include="$(BSP_ROOT)\STM32MP1xxxx\STM32MP1xx_HAL_Driver\Inc\stm32mp1xx_hal_lptim.h">
      <Filter>Header files\Device-specific files\HAL</Filter>
    </ClInclude>
    <ClInclude Include="$(BSP_ROOT)\STM32MP1xxxx\STM32MP1xx_HAL_Driver\Inc\stm32mp1xx_hal_mdios.h">
      <Filter>Header files\Device-specific files\HAL</Filter>
    </ClInclude>
    <ClInclude Include="$(BSP_ROOT)\STM32MP1xxxx\STM32MP1xx_HAL_Driver\Inc\stm32mp1xx_hal_mdma.h">
      <Filter>Header files\Device-specific files\HAL</Filter>
    </ClInclude>
    <ClInclude Include="$(BSP_ROOT)\STM32MP1xxxx\STM32MP1xx_HAL_Driver\Inc\stm32mp1xx_hal_pwr.h">
      <Filter>Header files\Device-specific files\HAL</Filter>
    </ClInclude>
    <ClInclude Include="$(BSP_ROOT)\STM32MP1xxxx\STM32MP1xx_HAL_Driver\Inc\stm32mp1xx_hal_pwr_ex.h">
      <Filter>Header files\Device-specific files\HAL</Filter>
    </ClInclude>
    <ClInclude Include="$(BSP_ROOT)\STM32MP1xxxx\STM32MP1xx_HAL_Driver\Inc\stm32mp1xx_hal_qspi.h">
      <Filter>Header files\Device-specific files\HAL</Filter>
    </ClInclude>
    <ClInclude Include="$(BSP_ROOT)\STM32MP1xxxx\STM32MP1xx_HAL_Driver\Inc\stm32mp1xx_hal_rcc.h">
      <Filter>Header files\Device-specific files\HAL</Filter>
    </ClInclude>
    <ClInclude Include="$(BSP_ROOT)\STM32MP1xxxx\STM32MP1xx_HAL_Driver\Inc\stm32mp1xx_hal_rcc_ex.h">
      <Filter>Header files\Device-specific files\HAL</Filter>
    </ClInclude>
    <ClInclude Include="$(BSP_ROOT)\STM32MP1xxxx\STM32MP1xx_HAL_Driver\Inc\stm32mp1xx_hal_rng.h">
      <Filter>Header files\Device-specific files\HAL</Filter>
    </ClInclude>
    <ClInclude Include="$(BSP_ROOT)\STM32MP1xxxx\STM32MP1xx_HAL_Driver\Inc\stm32mp1xx_hal_rtc.h">
      <Filter>Header files\Device-specific files\HAL</Filter>
    </ClInclude>
    <ClInclude Include="$(BSP_ROOT)\STM32MP1xxxx\STM32MP1xx_HAL_Driver\Inc\stm32mp1xx_hal_rtc_ex.h">
      <Filter>Header files\Device-specific files\HAL</Filter>
    </ClInclude>
    <ClInclude Include="$(BSP_ROOT)\STM32MP1xxxx\STM32MP1xx_HAL_Driver\Inc\stm32mp1xx_hal_sai.h">
      <Filter>Header files\Device-specific files\HAL</Filter>
    </ClInclude>
    <ClInclude Include="$(BSP_ROOT)\STM32MP1xxxx\STM32MP1xx_HAL_Driver\Inc\stm32mp1xx_hal_sai_ex.h">
      <Filter>Header files\Device-specific files\HAL</Filter>
    </ClInclude>
    <ClInclude Include="$(BSP_ROOT)\STM32MP1xxxx\STM32MP1xx_HAL_Driver\Inc\stm32mp1xx_hal_sd.h">
      <Filter>Header files\Device-specific files\HAL</Filter>
    </ClInclude>
    <ClInclude Include="$(BSP_ROOT)\STM32MP1xxxx\STM32MP1xx_HAL_Driver\Inc\stm32mp1xx_hal_sd_ex.h">
      <Filter>Header files\Device-specific files\HAL</Filter>
    </ClInclude>
    <ClInclude Include="$(BSP_ROOT)\STM32MP1xxxx\STM32MP1xx_HAL_Driver\Inc\stm32mp1xx_hal_smartcard.h">
      <Filter>Header files\Device-specific files\HAL</Filter>
    </ClInclude>
    <ClInclude Include="$(BSP_ROOT)\STM32MP1xxxx\STM32MP1xx_HAL_Driver\Inc\stm32mp1xx_hal_smartcard_ex.h">
      <Filter>Header files\Device-specific files\HAL</Filter>
    </ClInclude>
    <ClInclude Include="$(BSP_ROOT)\STM32MP1xxxx\STM32MP1xx_HAL_Driver\Inc\stm32mp1xx_hal_smbus.h">
      <Filter>Header files\Device-specific files\HAL</Filter>
    </ClInclude>
    <ClInclude Include="$(BSP_ROOT)\STM32MP1xxxx\STM32MP1xx_HAL_Driver\Inc\stm32mp1xx_hal_smbus_ex.h">
      <Filter>Header files\Device-specific files\HAL</Filter>
    </ClInclude>
    <ClInclude Include="$(BSP_ROOT)\STM32MP1xxxx\STM32MP1xx_HAL_Driver\Inc\stm32mp1xx_hal_spdifrx.h">
      <Filter>Header files\Device-specific files\HAL</Filter>
    </ClInclude>
    <ClInclude Include="$(BSP_ROOT)\STM32MP1xxxx\STM32MP1xx_HAL_Driver\Inc\stm32mp1xx_hal_spi.h">
      <Filter>Header files\Device-specific files\HAL</Filter>
    </ClInclude>
    <ClInclude Include="$(BSP_ROOT)\STM32MP1xxxx\STM32MP1xx_HAL_Driver\Inc\stm32mp1xx_hal_spi_ex.h">
      <Filter>Header files\Device-specific files\HAL</Filter>
    </ClInclude>
    <ClInclude Include="$(BSP_ROOT)\STM32MP1xxxx\STM32MP1xx_HAL_Driver\Inc\stm32mp1xx_hal_sram.h">
      <Filter>Header files\Device-specific files\HAL</Filter>
    </ClInclude>
    <ClInclude Include="$(BSP_ROOT)\STM32MP1xxxx\STM32MP1xx_HAL_Driver\Inc\stm32mp1xx_hal_tim.h">
      <Filter>Header files\Device-specific files\HAL</Filter>
    </ClInclude>
    <ClInclude Include="$(BSP_ROOT)\STM32MP1xxxx\STM32MP1xx_HAL_Driver\Inc\stm32mp1xx_hal_tim_ex.h">
      <Filter>Header files\Device-specific files\HAL</Filter>
    </ClInclude>
    <ClInclude Include="$(BSP_ROOT)\STM32MP1xxxx\STM32MP1xx_HAL_Driver\Inc\stm32mp1xx_hal_uart.h">
      <Filter>Header files\Device-specific files\HAL</Filter>
    </ClInclude>
    <ClInclude Include="$(BSP_ROOT)\STM32MP1xxxx\STM32MP1xx_HAL_Driver\Inc\stm32mp1xx_hal_uart_ex.h">
      <Filter>Header files\Device-specific files\HAL</Filter>
    </ClInclude>
    <ClInclude Include="$(BSP_ROOT)\STM32MP1xxxx\STM32MP1xx_HAL_Driver\Inc\stm32mp1xx_hal_usart.h">
      <Filter>Header files\Device-specific files\HAL</Filter>
    </ClInclude>
    <ClInclude Include="$(BSP_ROOT)\STM32MP1xxxx\STM32MP1xx_HAL_Driver\Inc\stm32mp1xx_hal_usart_ex.h">
      <Filter>Header files\Device-specific files\HAL</Filter>
    </ClInclude>
    <ClInclude Include="$(BSP_ROOT)\STM32MP1xxxx\STM32MP1xx_HAL_Driver\Inc\stm32mp1xx_hal_wwdg.h">
      <Filter>Header files\Device-specific files\HAL</Filter>
    </ClInclude>
    <ClInclude Include="$(BSP_ROOT)\STM32MP1xxxx\STM32MP1xx_HAL_Driver\Inc\Legacy\stm32_hal_legacy.h">
      <Filter>Header files\Device-specific files\HAL</Filter>
    </ClInclude>
    <ClInclude Include="$(BSP_ROOT)\STM32MP1xxxx\CMSIS_HAL\Include\cmsis_armcc.h">
      <Filter>Header files\Device-specific files\HAL</Filter>
    </ClInclude>
    <ClInclude Include="$(BSP_ROOT)\STM32MP1xxxx\CMSIS_HAL\Include\cmsis_armclang.h">
      <Filter>Header files\Device-specific files\HAL</Filter>
    </ClInclude>
    <ClInclude Include="$(BSP_ROOT)\STM32MP1xxxx\CMSIS_HAL\Include\cmsis_armclang_ltm.h">
      <Filter>Header files\Device-specific files\HAL</Filter>
    </ClInclude>
    <ClInclude Include="$(BSP_ROOT)\STM32MP1xxxx\CMSIS_HAL\Include\cmsis_compiler.h">
      <Filter>Header files\Device-specific files\HAL</Filter>
    </ClInclude>
    <ClInclude Include="$(BSP_ROOT)\STM32MP1xxxx\CMSIS_HAL\Include\cmsis_gcc.h">
      <Filter>Header files\Device-specific files\HAL</Filter>
    </ClInclude>
    <ClInclude Include="$(BSP_ROOT)\STM32MP1xxxx\CMSIS_HAL\Include\cmsis_iccarm.h">
      <Filter>Header files\Device-specific files\HAL</Filter>
    </ClInclude>
    <ClInclude Include="$(BSP_ROOT)\STM32MP1xxxx\CMSIS_HAL\Include\cmsis_version.h">
      <Filter>Header files\Device-specific files\HAL</Filter>
    </ClInclude>
    <ClInclude Include="$(BSP_ROOT)\STM32MP1xxxx\CMSIS_HAL\Include\core_armv81mml.h">
      <Filter>Header files\Device-specific files\HAL</Filter>
    </ClInclude>
    <ClInclude Include="$(BSP_ROOT)\STM32MP1xxxx\CMSIS_HAL\Include\core_armv8mbl.h">
      <Filter>Header files\Device-specific files\HAL</Filter>
    </ClInclude>
    <ClInclude Include="$(BSP_ROOT)\STM32MP1xxxx\CMSIS_HAL\Include\core_armv8mml.h">
      <Filter>Header files\Device-specific files\HAL</Filter>
    </ClInclude>
    <ClInclude Include="$(BSP_ROOT)\STM32MP1xxxx\CMSIS_HAL\Include\core_cm0.h">
      <Filter>Header files\Device-specific files\HAL</Filter>
    </ClInclude>
    <ClInclude Include="$(BSP_ROOT)\STM32MP1xxxx\CMSIS_HAL\Include\core_cm0plus.h">
      <Filter>Header files\Device-specific files\HAL</Filter>
    </ClInclude>
    <ClInclude Include="$(BSP_ROOT)\STM32MP1xxxx\CMSIS_HAL\Include\core_cm1.h">
      <Filter>Header files\Device-specific files\HAL</Filter>
    </ClInclude>
    <ClInclude Include="$(BSP_ROOT)\STM32MP1xxxx\CMSIS_HAL\Include\core_cm23.h">
      <Filter>Header files\Device-specific files\HAL</Filter>
    </ClInclude>
    <ClInclude Include="$(BSP_ROOT)\STM32MP1xxxx\CMSIS_HAL\Include\core_cm3.h">
      <Filter>Header files\Device-specific files\HAL</Filter>
    </ClInclude>
    <ClInclude Include="$(BSP_ROOT)\STM32MP1xxxx\CMSIS_HAL\Include\core_cm33.h">
      <Filter>Header files\Device-specific files\HAL</Filter>
    </ClInclude>
    <ClInclude Include="$(BSP_ROOT)\STM32MP1xxxx\CMSIS_HAL\Include\core_cm35p.h">
      <Filter>Header files\Device-specific files\HAL</Filter>
    </ClInclude>
    <ClInclude Include="$(BSP_ROOT)\STM32MP1xxxx\CMSIS_HAL\Include\core_cm4.h">
      <Filter>Header files\Device-specific files\HAL</Filter>
    </ClInclude>
    <ClInclude Include="$(BSP_ROOT)\STM32MP1xxxx\CMSIS_HAL\Include\core_cm7.h">
      <Filter>Header files\Device-specific files\HAL</Filter>
    </ClInclude>
    <ClInclude Include="$(BSP_ROOT)\STM32MP1xxxx\CMSIS_HAL\Include\core_sc000.h">
      <Filter>Header files\Device-specific files\HAL</Filter>
    </ClInclude>
    <ClInclude Include="$(BSP_ROOT)\STM32MP1xxxx\CMSIS_HAL\Include\core_sc300.h">
      <Filter>Header files\Device-specific files\HAL</Filter>
    </ClInclude>
    <ClInclude Include="$(BSP_ROOT)\STM32MP1xxxx\CMSIS_HAL\Include\mpu_armv7.h">
      <Filter>Header files\Device-specific files\HAL</Filter>
    </ClInclude>
    <ClInclude Include="$(BSP_ROOT)\STM32MP1xxxx\CMSIS_HAL\Include\mpu_armv8.h">
      <Filter>Header files\Device-specific files\HAL</Filter>
    </ClInclude>
    <ClInclude Include="$(BSP_ROOT)\STM32MP1xxxx\CMSIS_HAL\Include\tz_context.h">
      <Filter>Header files\Device-specific files\HAL</Filter>
    </ClInclude>
    <ClInclude Include="$(BSP_ROOT)\STM32MP1xxxx\CMSIS_HAL\Device\ST\STM32MP1xx\Include\stm32mp151axx_ca7.h">
      <Filter>Header files\Device-specific files\HAL</Filter>
    </ClInclude>
    <ClInclude Include="$(BSP_ROOT)\STM32MP1xxxx\CMSIS_HAL\Device\ST\STM32MP1xx\Include\stm32mp151axx_cm4.h">
      <Filter>Header files\Device-specific files\HAL</Filter>
    </ClInclude>
    <ClInclude Include="$(BSP_ROOT)\STM32MP1xxxx\CMSIS_HAL\Device\ST\STM32MP1xx\Include\stm32mp151cxx_ca7.h">
      <Filter>Header files\Device-specific files\HAL</Filter>
    </ClInclude>
    <ClInclude Include="$(BSP_ROOT)\STM32MP1xxxx\CMSIS_HAL\Device\ST\STM32MP1xx\Include\stm32mp151cxx_cm4.h">
      <Filter>Header files\Device-specific files\HAL</Filter>
    </ClInclude>
    <ClInclude Include="$(BSP_ROOT)\STM32MP1xxxx\CMSIS_HAL\Device\ST\STM32MP1xx\Include\stm32mp151dxx_ca7.h">
      <Filter>Header files\Device-specific files\HAL</Filter>
    </ClInclude>
    <ClInclude Include="$(BSP_ROOT)\STM32MP1xxxx\CMSIS_HAL\Device\ST\STM32MP1xx\Include\stm32mp151dxx_cm4.h">
      <Filter>Header files\Device-specific files\HAL</Filter>
    </ClInclude>
    <ClInclude Include="$(BSP_ROOT)\STM32MP1xxxx\CMSIS_HAL\Device\ST\STM32MP1xx\Include\stm32mp151fxx_ca7.h">
      <Filter>Header files\Device-specific files\HAL</Filter>
    </ClInclude>
    <ClInclude Include="$(BSP_ROOT)\STM32MP1xxxx\CMSIS_HAL\Device\ST\STM32MP1xx\Include\stm32mp151fxx_cm4.h">
      <Filter>Header files\Device-specific files\HAL</Filter>
    </ClInclude>
    <ClInclude Include="$(BSP_ROOT)\STM32MP1xxxx\CMSIS_HAL\Device\ST\STM32MP1xx\Include\stm32mp153axx_ca7.h">
      <Filter>Header files\Device-specific files\HAL</Filter>
    </ClInclude>
    <ClInclude Include="$(BSP_ROOT)\STM32MP1xxxx\CMSIS_HAL\Device\ST\STM32MP1xx\Include\stm32mp153axx_cm4.h">
      <Filter>Header files\Device-specific files\HAL</Filter>
    </ClInclude>
    <ClInclude Include="$(BSP_ROOT)\STM32MP1xxxx\CMSIS_HAL\Device\ST\STM32MP1xx\Include\stm32mp153cxx_ca7.h">
      <Filter>Header files\Device-specific files\HAL</Filter>
    </ClInclude>
    <ClInclude Include="$(BSP_ROOT)\STM32MP1xxxx\CMSIS_HAL\Device\ST\STM32MP1xx\Include\stm32mp153cxx_cm4.h">
      <Filter>Header files\Device-specific files\HAL</Filter>
    </ClInclude>
    <ClInclude Include="$(BSP_ROOT)\STM32MP1xxxx\CMSIS_HAL\Device\ST\STM32MP1xx\Include\stm32mp153dxx_ca7.h">
      <Filter>Header files\Device-specific files\HAL</Filter>
    </ClInclude>
    <ClInclude Include="$(BSP_ROOT)\STM32MP1xxxx\CMSIS_HAL\Device\ST\STM32MP1xx\Include\stm32mp153dxx_cm4.h">
      <Filter>Header files\Device-specific files\HAL</Filter>
    </ClInclude>
    <ClInclude Include="$(BSP_ROOT)\STM32MP1xxxx\CMSIS_HAL\Device\ST\STM32MP1xx\Include\stm32mp153fxx_ca7.h">
      <Filter>Header files\Device-specific files\HAL</Filter>
    </ClInclude>
    <ClInclude Include="$(BSP_ROOT)\STM32MP1xxxx\CMSIS_HAL\Device\ST\STM32MP1xx\Include\stm32mp153fxx_cm4.h">
      <Filter>Header files\Device-specific files\HAL</Filter>
    </ClInclude>
    <ClInclude Include="$(BSP_ROOT)\STM32MP1xxxx\CMSIS_HAL\Device\ST\STM32MP1xx\Include\stm32mp157axx_ca7.h">
      <Filter>Header files\Device-specific files\HAL</Filter>
    </ClInclude>
    <ClInclude Include="$(BSP_ROOT)\STM32MP1xxxx\CMSIS_HAL\Device\ST\STM32MP1xx\Include\stm32mp157axx_cm4.h">
      <Filter>Header files\Device-specific files\HAL</Filter>
    </ClInclude>
    <ClInclude Include="$(BSP_ROOT)\STM32MP1xxxx\CMSIS_HAL\Device\ST\STM32MP1xx\Include\stm32mp157cxx_ca7.h">
      <Filter>Header files\Device-specific files\HAL</Filter>
    </ClInclude>
    <ClInclude Include="$(BSP_ROOT)\STM32MP1xxxx\CMSIS_HAL\Device\ST\STM32MP1xx\Include\stm32mp157cxx_cm4.h">
      <Filter>Header files\Device-specific files\HAL</Filter>
    </ClInclude>
    <ClInclude Include="$(BSP_ROOT)\STM32MP1xxxx\CMSIS_HAL\Device\ST\STM32MP1xx\Include\stm32mp157dxx_ca7.h">
      <Filter>Header files\Device-specific files\HAL</Filter>
    </ClInclude>
    <ClInclude Include="$(BSP_ROOT)\STM32MP1xxxx\CMSIS_HAL\Device\ST\STM32MP1xx\Include\stm32mp157dxx_cm4.h">
      <Filter>Header files\Device-specific files\HAL</Filter>
    </ClInclude>
    <ClInclude Include="$(BSP_ROOT)\STM32MP1xxxx\CMSIS_HAL\Device\ST\STM32MP1xx\Include\stm32mp157fxx_ca7.h">
      <Filter>Header files\Device-specific files\HAL</Filter>
    </ClInclude>
    <ClInclude Include="$(BSP_ROOT)\STM32MP1xxxx\CMSIS_HAL\Device\ST\STM32MP1xx\Include\stm32mp157fxx_cm4.h">
      <Filter>Header files\Device-specific files\HAL</Filter>
    </ClInclude>
    <ClInclude Include="$(BSP_ROOT)\STM32MP1xxxx\CMSIS_HAL\Device\ST\STM32MP1xx\Include\stm32mp1xx.h">
      <Filter>Header files\Device-specific files\HAL</Filter>
    </ClInclude>
    <ClInclude Include="$(BSP_ROOT)\STM32MP1xxxx\CMSIS_HAL\Device\ST\STM32MP1xx\Include\system_stm32mp1xx.h">
      <Filter>Header files\Device-specific files\HAL</Filter>
    </ClInclude>
    <ClInclude Include="$(BSP_ROOT)\STM32MP1xxxx\CMSIS_HAL\RTOS\Template\cmsis_os.h">
      <Filter>Header files\Device-specific files\HAL</Filter>
    </ClInclude>
    <ClInclude Include="$(BSP_ROOT)\STM32MP1xxxx\STM32MP1xx_HAL_Driver\Inc\stm32mp1xx_ll_adc.h">
      <Filter>Header files\Device-specific files\LL</Filter>
    </ClInclude>
    <ClInclude Include="$(BSP_ROOT)\STM32MP1xxxx\STM32MP1xx_HAL_Driver\Inc\stm32mp1xx_ll_bus.h">
      <Filter>Header files\Device-specific files\LL</Filter>
    </ClInclude>
    <ClInclude Include="$(BSP_ROOT)\STM32MP1xxxx\STM32MP1xx_HAL_Driver\Inc\stm32mp1xx_ll_cortex.h">
      <Filter>Header files\Device-specific files\LL</Filter>
    </ClInclude>
    <ClInclude Include="$(BSP_ROOT)\STM32MP1xxxx\STM32MP1xx_HAL_Driver\Inc\stm32mp1xx_ll_delayblock.h">
      <Filter>Header files\Device-specific files\LL</Filter>
    </ClInclude>
    <ClInclude Include="$(BSP_ROOT)\STM32MP1xxxx\STM32MP1xx_HAL_Driver\Inc\stm32mp1xx_ll_dma.h">
      <Filter>Header files\Device-specific files\LL</Filter>
    </ClInclude>
    <ClInclude Include="$(BSP_ROOT)\STM32MP1xxxx\STM32MP1xx_HAL_Driver\Inc\stm32mp1xx_ll_dmamux.h">
      <Filter>Header files\Device-specific files\LL</Filter>
    </ClInclude>
    <ClInclude Include="$(BSP_ROOT)\STM32MP1xxxx\STM32MP1xx_HAL_Driver\Inc\stm32mp1xx_ll_exti.h">
      <Filter>Header files\Device-specific files\LL</Filter>
    </ClInclude>
    <ClInclude Include="$(BSP_ROOT)\STM32MP1xxxx\STM32MP1xx_HAL_Driver\Inc\stm32mp1xx_ll_fmc.h">
      <Filter>Header files\Device-specific files\LL</Filter>
    </ClInclude>
    <ClInclude Include="$(BSP_ROOT)\STM32MP1xxxx\STM32MP1xx_HAL_Driver\Inc\stm32mp1xx_ll_gpio.h">
      <Filter>Header files\Device-specific files\LL</Filter>
    </ClInclude>
    <ClInclude Include="$(BSP_ROOT)\STM32MP1xxxx\STM32MP1xx_HAL_Driver\Inc\stm32mp1xx_ll_hsem.h">
      <Filter>Header files\Device-specific files\LL</Filter>
    </ClInclude>
    <ClInclude Include="$(BSP_ROOT)\STM32MP1xxxx\STM32MP1xx_HAL_Driver\Inc\stm32mp1xx_ll_i2c.h">
      <Filter>Header files\Device-specific files\LL</Filter>
    </ClInclude>
    <ClInclude Include="$(BSP_ROOT)\STM32MP1xxxx\STM32MP1xx_HAL_Driver\Inc\stm32mp1xx_ll_ipcc.h">
      <Filter>Header files\Device-specific files\LL</Filter>
    </ClInclude>
    <ClInclude Include="$(BSP_ROOT)\STM32MP1xxxx\STM32MP1xx_HAL_Driver\Inc\stm32mp1xx_ll_lptim.h">
      <Filter>Header files\Device-specific files\LL</Filter>
    </ClInclude>
    <ClInclude Include="$(BSP_ROOT)\STM32MP1xxxx\STM32MP1xx_HAL_Driver\Inc\stm32mp1xx_ll_pwr.h">
      <Filter>Header files\Device-specific files\LL</Filter>
    </ClInclude>
    <ClInclude Include="$(BSP_ROOT)\STM32MP1xxxx\STM32MP1xx_HAL_Driver\Inc\stm32mp1xx_ll_rcc.h">
      <Filter>Header files\Device-specific files\LL</Filter>
    </ClInclude>
    <ClInclude Include="$(BSP_ROOT)\STM32MP1xxxx\STM32MP1xx_HAL_Driver\Inc\stm32mp1xx_ll_rtc.h">
      <Filter>Header files\Device-specific files\LL</Filter>
    </ClInclude>
    <ClInclude Include="$(BSP_ROOT)\STM32MP1xxxx\STM32MP1xx_HAL_Driver\Inc\stm32mp1xx_ll_sdmmc.h">
      <Filter>Header files\Device-specific files\LL</Filter>
    </ClInclude>
    <ClInclude Include="$(BSP_ROOT)\STM32MP1xxxx\STM32MP1xx_HAL_Driver\Inc\stm32mp1xx_ll_spi.h">
      <Filter>Header files\Device-specific files\LL</Filter>
    </ClInclude>
    <ClInclude Include="$(BSP_ROOT)\STM32MP1xxxx\STM32MP1xx_HAL_Driver\Inc\stm32mp1xx_ll_system.h">
      <Filter>Header files\Device-specific files\LL</Filter>
    </ClInclude>
    <ClInclude Include="$(BSP_ROOT)\STM32MP1xxxx\STM32MP1xx_HAL_Driver\Inc\stm32mp1xx_ll_tim.h">
      <Filter>Header files\Device-specific files\LL</Filter>
    </ClInclude>
    <ClInclude Include="$(BSP_ROOT)\STM32MP1xxxx\STM32MP1xx_HAL_Driver\Inc\stm32mp1xx_ll_usart.h">
      <Filter>Header files\Device-specific files\LL</Filter>
    </ClInclude>
    <ClInclude Include="$(BSP_ROOT)\STM32MP1xxxx\STM32MP1xx_HAL_Driver\Inc\stm32mp1xx_ll_utils.h">
      <Filter>Header files\Device-specific files\LL</Filter>
    </ClInclude>
    <ClInclude Include="$(BSP_ROOT)\STM32MP1xxxx\STM32MP1xx_HAL_Driver\Inc\stm32mp1xx_ll_wwdg.h">
      <Filter>Header files\Device-specific files\LL</Filter>
    </ClInclude>
    <None Include="EmbeddedProject4-Debug.vgdbsettings">
      <Filter>VisualGDB settings</Filter>
    </None>
    <None Include="EmbeddedProject4-Release.vgdbsettings">
      <Filter>VisualGDB settings</Filter>
    </None>
    <None Include="stm32mp1.xml">
      <Filter>VisualGDB settings</Filter>
    </None>
  </ItemGroup>
</Project>